// !$*UTF8*$!
{
	archiveVersion = 1;
	classes = {
	};
	objectVersion = 56;
	objects = {

/* Begin PBXBuildFile section */
		C028F0992B4EFFFE003093B4 /* Apex_Legends_StatsApp.swift in Sources */ = {isa = PBXBuildFile; fileRef = C028F0982B4EFFFE003093B4 /* Apex_Legends_StatsApp.swift */; };
		C028F09B2B4EFFFE003093B4 /* ContentView.swift in Sources */ = {isa = PBXBuildFile; fileRef = C028F09A2B4EFFFE003093B4 /* ContentView.swift */; };
		C028F09D2B4EFFFE003093B4 /* Assets.xcassets in Resources */ = {isa = PBXBuildFile; fileRef = C028F09C2B4EFFFE003093B4 /* Assets.xcassets */; };
		C028F0A12B4EFFFE003093B4 /* Preview Assets.xcassets in Resources */ = {isa = PBXBuildFile; fileRef = C028F0A02B4EFFFE003093B4 /* Preview Assets.xcassets */; };
		C028F0AB2B4EFFFE003093B4 /* Apex_Legends_StatsTests.swift in Sources */ = {isa = PBXBuildFile; fileRef = C028F0AA2B4EFFFE003093B4 /* Apex_Legends_StatsTests.swift */; };
		C028F0B52B4EFFFE003093B4 /* Apex_Legends_StatsUITests.swift in Sources */ = {isa = PBXBuildFile; fileRef = C028F0B42B4EFFFE003093B4 /* Apex_Legends_StatsUITests.swift */; };
		C028F0B72B4EFFFE003093B4 /* Apex_Legends_StatsUITestsLaunchTests.swift in Sources */ = {isa = PBXBuildFile; fileRef = C028F0B62B4EFFFE003093B4 /* Apex_Legends_StatsUITestsLaunchTests.swift */; };
/* End PBXBuildFile section */

/* Begin PBXContainerItemProxy section */
		C028F0A72B4EFFFE003093B4 /* PBXContainerItemProxy */ = {
			isa = PBXContainerItemProxy;
			containerPortal = C028F08D2B4EFFFE003093B4 /* Project object */;
			proxyType = 1;
			remoteGlobalIDString = C028F0942B4EFFFE003093B4;
			remoteInfo = "Apex Legends Stats";
		};
		C028F0B12B4EFFFE003093B4 /* PBXContainerItemProxy */ = {
			isa = PBXContainerItemProxy;
			containerPortal = C028F08D2B4EFFFE003093B4 /* Project object */;
			proxyType = 1;
			remoteGlobalIDString = C028F0942B4EFFFE003093B4;
			remoteInfo = "Apex Legends Stats";
		};
/* End PBXContainerItemProxy section */

/* Begin PBXFileReference section */
		C00EEC692B4F08F400E72058 /* CoreModel */ = {isa = PBXFileReference; lastKnownFileType = wrapper; path = CoreModel; sourceTree = "<group>"; };
		C028F0952B4EFFFE003093B4 /* Apex Legends Stats.app */ = {isa = PBXFileReference; explicitFileType = wrapper.application; includeInIndex = 0; path = "Apex Legends Stats.app"; sourceTree = BUILT_PRODUCTS_DIR; };
		C028F0982B4EFFFE003093B4 /* Apex_Legends_StatsApp.swift */ = {isa = PBXFileReference; lastKnownFileType = sourcecode.swift; path = Apex_Legends_StatsApp.swift; sourceTree = "<group>"; };
		C028F09A2B4EFFFE003093B4 /* ContentView.swift */ = {isa = PBXFileReference; lastKnownFileType = sourcecode.swift; path = ContentView.swift; sourceTree = "<group>"; };
		C028F09C2B4EFFFE003093B4 /* Assets.xcassets */ = {isa = PBXFileReference; lastKnownFileType = folder.assetcatalog; path = Assets.xcassets; sourceTree = "<group>"; };
		C028F09E2B4EFFFE003093B4 /* Apex_Legends_Stats.entitlements */ = {isa = PBXFileReference; lastKnownFileType = text.plist.entitlements; path = Apex_Legends_Stats.entitlements; sourceTree = "<group>"; };
		C028F0A02B4EFFFE003093B4 /* Preview Assets.xcassets */ = {isa = PBXFileReference; lastKnownFileType = folder.assetcatalog; path = "Preview Assets.xcassets"; sourceTree = "<group>"; };
		C028F0A62B4EFFFE003093B4 /* Apex Legends StatsTests.xctest */ = {isa = PBXFileReference; explicitFileType = wrapper.cfbundle; includeInIndex = 0; path = "Apex Legends StatsTests.xctest"; sourceTree = BUILT_PRODUCTS_DIR; };
		C028F0AA2B4EFFFE003093B4 /* Apex_Legends_StatsTests.swift */ = {isa = PBXFileReference; lastKnownFileType = sourcecode.swift; path = Apex_Legends_StatsTests.swift; sourceTree = "<group>"; };
		C028F0B02B4EFFFE003093B4 /* Apex Legends StatsUITests.xctest */ = {isa = PBXFileReference; explicitFileType = wrapper.cfbundle; includeInIndex = 0; path = "Apex Legends StatsUITests.xctest"; sourceTree = BUILT_PRODUCTS_DIR; };
		C028F0B42B4EFFFE003093B4 /* Apex_Legends_StatsUITests.swift */ = {isa = PBXFileReference; lastKnownFileType = sourcecode.swift; path = Apex_Legends_StatsUITests.swift; sourceTree = "<group>"; };
		C028F0B62B4EFFFE003093B4 /* Apex_Legends_StatsUITestsLaunchTests.swift */ = {isa = PBXFileReference; lastKnownFileType = sourcecode.swift; path = Apex_Legends_StatsUITestsLaunchTests.swift; sourceTree = "<group>"; };
/* End PBXFileReference section */

/* Begin PBXFrameworksBuildPhase section */
		C028F0922B4EFFFE003093B4 /* Frameworks */ = {
			isa = PBXFrameworksBuildPhase;
			buildActionMask = 2147483647;
			files = (
			);
			runOnlyForDeploymentPostprocessing = 0;
		};
		C028F0A32B4EFFFE003093B4 /* Frameworks */ = {
			isa = PBXFrameworksBuildPhase;
			buildActionMask = 2147483647;
			files = (
			);
			runOnlyForDeploymentPostprocessing = 0;
		};
		C028F0AD2B4EFFFE003093B4 /* Frameworks */ = {
			isa = PBXFrameworksBuildPhase;
			buildActionMask = 2147483647;
			files = (
			);
			runOnlyForDeploymentPostprocessing = 0;
		};
/* End PBXFrameworksBuildPhase section */

/* Begin PBXGroup section */
		C028F08C2B4EFFFE003093B4 = {
			isa = PBXGroup;
			children = (
				C00EEC692B4F08F400E72058 /* CoreModel */,
				C028F0972B4EFFFE003093B4 /* Apex Legends Stats */,
				C028F0A92B4EFFFE003093B4 /* Apex Legends StatsTests */,
				C028F0B32B4EFFFE003093B4 /* Apex Legends StatsUITests */,
				C028F0962B4EFFFE003093B4 /* Products */,
			);
			sourceTree = "<group>";
		};
		C028F0962B4EFFFE003093B4 /* Products */ = {
			isa = PBXGroup;
			children = (
				C028F0952B4EFFFE003093B4 /* Apex Legends Stats.app */,
				C028F0A62B4EFFFE003093B4 /* Apex Legends StatsTests.xctest */,
				C028F0B02B4EFFFE003093B4 /* Apex Legends StatsUITests.xctest */,
			);
			name = Products;
			sourceTree = "<group>";
		};
		C028F0972B4EFFFE003093B4 /* Apex Legends Stats */ = {
			isa = PBXGroup;
			children = (
				C028F0982B4EFFFE003093B4 /* Apex_Legends_StatsApp.swift */,
				C028F09A2B4EFFFE003093B4 /* ContentView.swift */,
				C028F09C2B4EFFFE003093B4 /* Assets.xcassets */,
				C028F09E2B4EFFFE003093B4 /* Apex_Legends_Stats.entitlements */,
				C028F09F2B4EFFFE003093B4 /* Preview Content */,
			);
			path = "Apex Legends Stats";
			sourceTree = "<group>";
		};
		C028F09F2B4EFFFE003093B4 /* Preview Content */ = {
			isa = PBXGroup;
			children = (
				C028F0A02B4EFFFE003093B4 /* Preview Assets.xcassets */,
			);
			path = "Preview Content";
			sourceTree = "<group>";
		};
		C028F0A92B4EFFFE003093B4 /* Apex Legends StatsTests */ = {
			isa = PBXGroup;
			children = (
				C028F0AA2B4EFFFE003093B4 /* Apex_Legends_StatsTests.swift */,
			);
			path = "Apex Legends StatsTests";
			sourceTree = "<group>";
		};
		C028F0B32B4EFFFE003093B4 /* Apex Legends StatsUITests */ = {
			isa = PBXGroup;
			children = (
				C028F0B42B4EFFFE003093B4 /* Apex_Legends_StatsUITests.swift */,
				C028F0B62B4EFFFE003093B4 /* Apex_Legends_StatsUITestsLaunchTests.swift */,
			);
			path = "Apex Legends StatsUITests";
			sourceTree = "<group>";
		};
/* End PBXGroup section */

/* Begin PBXNativeTarget section */
		C028F0942B4EFFFE003093B4 /* Apex Legends Stats */ = {
			isa = PBXNativeTarget;
			buildConfigurationList = C028F0BA2B4EFFFE003093B4 /* Build configuration list for PBXNativeTarget "Apex Legends Stats" */;
			buildPhases = (
				C028F0912B4EFFFE003093B4 /* Sources */,
				C028F0922B4EFFFE003093B4 /* Frameworks */,
				C028F0932B4EFFFE003093B4 /* Resources */,
			);
			buildRules = (
			);
			dependencies = (
			);
			name = "Apex Legends Stats";
			productName = "Apex Legends Stats";
			productReference = C028F0952B4EFFFE003093B4 /* Apex Legends Stats.app */;
			productType = "com.apple.product-type.application";
		};
		C028F0A52B4EFFFE003093B4 /* Apex Legends StatsTests */ = {
			isa = PBXNativeTarget;
			buildConfigurationList = C028F0BD2B4EFFFE003093B4 /* Build configuration list for PBXNativeTarget "Apex Legends StatsTests" */;
			buildPhases = (
				C028F0A22B4EFFFE003093B4 /* Sources */,
				C028F0A32B4EFFFE003093B4 /* Frameworks */,
				C028F0A42B4EFFFE003093B4 /* Resources */,
			);
			buildRules = (
			);
			dependencies = (
				C028F0A82B4EFFFE003093B4 /* PBXTargetDependency */,
			);
			name = "Apex Legends StatsTests";
			productName = "Apex Legends StatsTests";
			productReference = C028F0A62B4EFFFE003093B4 /* Apex Legends StatsTests.xctest */;
			productType = "com.apple.product-type.bundle.unit-test";
		};
		C028F0AF2B4EFFFE003093B4 /* Apex Legends StatsUITests */ = {
			isa = PBXNativeTarget;
			buildConfigurationList = C028F0C02B4EFFFE003093B4 /* Build configuration list for PBXNativeTarget "Apex Legends StatsUITests" */;
			buildPhases = (
				C028F0AC2B4EFFFE003093B4 /* Sources */,
				C028F0AD2B4EFFFE003093B4 /* Frameworks */,
				C028F0AE2B4EFFFE003093B4 /* Resources */,
			);
			buildRules = (
			);
			dependencies = (
				C028F0B22B4EFFFE003093B4 /* PBXTargetDependency */,
			);
			name = "Apex Legends StatsUITests";
			productName = "Apex Legends StatsUITests";
			productReference = C028F0B02B4EFFFE003093B4 /* Apex Legends StatsUITests.xctest */;
			productType = "com.apple.product-type.bundle.ui-testing";
		};
/* End PBXNativeTarget section */

/* Begin PBXProject section */
		C028F08D2B4EFFFE003093B4 /* Project object */ = {
			isa = PBXProject;
			attributes = {
				BuildIndependentTargetsInParallel = 1;
				LastSwiftUpdateCheck = 1500;
				LastUpgradeCheck = 1500;
				TargetAttributes = {
					C028F0942B4EFFFE003093B4 = {
						CreatedOnToolsVersion = 15.0.1;
					};
					C028F0A52B4EFFFE003093B4 = {
						CreatedOnToolsVersion = 15.0.1;
						TestTargetID = C028F0942B4EFFFE003093B4;
					};
					C028F0AF2B4EFFFE003093B4 = {
						CreatedOnToolsVersion = 15.0.1;
						TestTargetID = C028F0942B4EFFFE003093B4;
					};
				};
			};
			buildConfigurationList = C028F0902B4EFFFE003093B4 /* Build configuration list for PBXProject "Apex Legends Stats" */;
			compatibilityVersion = "Xcode 14.0";
			developmentRegion = en;
			hasScannedForEncodings = 0;
			knownRegions = (
				en,
				Base,
			);
			mainGroup = C028F08C2B4EFFFE003093B4;
			productRefGroup = C028F0962B4EFFFE003093B4 /* Products */;
			projectDirPath = "";
			projectRoot = "";
			targets = (
				C028F0942B4EFFFE003093B4 /* Apex Legends Stats */,
				C028F0A52B4EFFFE003093B4 /* Apex Legends StatsTests */,
				C028F0AF2B4EFFFE003093B4 /* Apex Legends StatsUITests */,
			);
		};
/* End PBXProject section */

/* Begin PBXResourcesBuildPhase section */
		C028F0932B4EFFFE003093B4 /* Resources */ = {
			isa = PBXResourcesBuildPhase;
			buildActionMask = 2147483647;
			files = (
				C028F0A12B4EFFFE003093B4 /* Preview Assets.xcassets in Resources */,
				C028F09D2B4EFFFE003093B4 /* Assets.xcassets in Resources */,
			);
			runOnlyForDeploymentPostprocessing = 0;
		};
		C028F0A42B4EFFFE003093B4 /* Resources */ = {
			isa = PBXResourcesBuildPhase;
			buildActionMask = 2147483647;
			files = (
			);
			runOnlyForDeploymentPostprocessing = 0;
		};
		C028F0AE2B4EFFFE003093B4 /* Resources */ = {
			isa = PBXResourcesBuildPhase;
			buildActionMask = 2147483647;
			files = (
			);
			runOnlyForDeploymentPostprocessing = 0;
		};
/* End PBXResourcesBuildPhase section */

/* Begin PBXSourcesBuildPhase section */
		C028F0912B4EFFFE003093B4 /* Sources */ = {
			isa = PBXSourcesBuildPhase;
			buildActionMask = 2147483647;
			files = (
				C028F09B2B4EFFFE003093B4 /* ContentView.swift in Sources */,
				C028F0992B4EFFFE003093B4 /* Apex_Legends_StatsApp.swift in Sources */,
			);
			runOnlyForDeploymentPostprocessing = 0;
		};
		C028F0A22B4EFFFE003093B4 /* Sources */ = {
			isa = PBXSourcesBuildPhase;
			buildActionMask = 2147483647;
			files = (
				C028F0AB2B4EFFFE003093B4 /* Apex_Legends_StatsTests.swift in Sources */,
			);
			runOnlyForDeploymentPostprocessing = 0;
		};
		C028F0AC2B4EFFFE003093B4 /* Sources */ = {
			isa = PBXSourcesBuildPhase;
			buildActionMask = 2147483647;
			files = (
				C028F0B52B4EFFFE003093B4 /* Apex_Legends_StatsUITests.swift in Sources */,
				C028F0B72B4EFFFE003093B4 /* Apex_Legends_StatsUITestsLaunchTests.swift in Sources */,
			);
			runOnlyForDeploymentPostprocessing = 0;
		};
/* End PBXSourcesBuildPhase section */

/* Begin PBXTargetDependency section */
		C028F0A82B4EFFFE003093B4 /* PBXTargetDependency */ = {
			isa = PBXTargetDependency;
			target = C028F0942B4EFFFE003093B4 /* Apex Legends Stats */;
			targetProxy = C028F0A72B4EFFFE003093B4 /* PBXContainerItemProxy */;
		};
		C028F0B22B4EFFFE003093B4 /* PBXTargetDependency */ = {
			isa = PBXTargetDependency;
			target = C028F0942B4EFFFE003093B4 /* Apex Legends Stats */;
			targetProxy = C028F0B12B4EFFFE003093B4 /* PBXContainerItemProxy */;
		};
/* End PBXTargetDependency section */

/* Begin XCBuildConfiguration section */
		C028F0B82B4EFFFE003093B4 /* Debug */ = {
			isa = XCBuildConfiguration;
			buildSettings = {
				ALWAYS_SEARCH_USER_PATHS = NO;
				ASSETCATALOG_COMPILER_GENERATE_SWIFT_ASSET_SYMBOL_EXTENSIONS = YES;
				CLANG_ANALYZER_NONNULL = YES;
				CLANG_ANALYZER_NUMBER_OBJECT_CONVERSION = YES_AGGRESSIVE;
				CLANG_CXX_LANGUAGE_STANDARD = "gnu++20";
				CLANG_ENABLE_MODULES = YES;
				CLANG_ENABLE_OBJC_ARC = YES;
				CLANG_ENABLE_OBJC_WEAK = YES;
				CLANG_WARN_BLOCK_CAPTURE_AUTORELEASING = YES;
				CLANG_WARN_BOOL_CONVERSION = YES;
				CLANG_WARN_COMMA = YES;
				CLANG_WARN_CONSTANT_CONVERSION = YES;
				CLANG_WARN_DEPRECATED_OBJC_IMPLEMENTATIONS = YES;
				CLANG_WARN_DIRECT_OBJC_ISA_USAGE = YES_ERROR;
				CLANG_WARN_DOCUMENTATION_COMMENTS = YES;
				CLANG_WARN_EMPTY_BODY = YES;
				CLANG_WARN_ENUM_CONVERSION = YES;
				CLANG_WARN_INFINITE_RECURSION = YES;
				CLANG_WARN_INT_CONVERSION = YES;
				CLANG_WARN_NON_LITERAL_NULL_CONVERSION = YES;
				CLANG_WARN_OBJC_IMPLICIT_RETAIN_SELF = YES;
				CLANG_WARN_OBJC_LITERAL_CONVERSION = YES;
				CLANG_WARN_OBJC_ROOT_CLASS = YES_ERROR;
				CLANG_WARN_QUOTED_INCLUDE_IN_FRAMEWORK_HEADER = YES;
				CLANG_WARN_RANGE_LOOP_ANALYSIS = YES;
				CLANG_WARN_STRICT_PROTOTYPES = YES;
				CLANG_WARN_SUSPICIOUS_MOVE = YES;
				CLANG_WARN_UNGUARDED_AVAILABILITY = YES_AGGRESSIVE;
				CLANG_WARN_UNREACHABLE_CODE = YES;
				CLANG_WARN__DUPLICATE_METHOD_MATCH = YES;
				COPY_PHASE_STRIP = NO;
				DEBUG_INFORMATION_FORMAT = dwarf;
				ENABLE_STRICT_OBJC_MSGSEND = YES;
				ENABLE_TESTABILITY = YES;
				ENABLE_USER_SCRIPT_SANDBOXING = YES;
				GCC_C_LANGUAGE_STANDARD = gnu17;
				GCC_DYNAMIC_NO_PIC = NO;
				GCC_NO_COMMON_BLOCKS = YES;
				GCC_OPTIMIZATION_LEVEL = 0;
				GCC_PREPROCESSOR_DEFINITIONS = (
					"DEBUG=1",
					"$(inherited)",
				);
				GCC_WARN_64_TO_32_BIT_CONVERSION = YES;
				GCC_WARN_ABOUT_RETURN_TYPE = YES_ERROR;
				GCC_WARN_UNDECLARED_SELECTOR = YES;
				GCC_WARN_UNINITIALIZED_AUTOS = YES_AGGRESSIVE;
				GCC_WARN_UNUSED_FUNCTION = YES;
				GCC_WARN_UNUSED_VARIABLE = YES;
				LOCALIZATION_PREFERS_STRING_CATALOGS = YES;
				MTL_ENABLE_DEBUG_INFO = INCLUDE_SOURCE;
				MTL_FAST_MATH = YES;
				ONLY_ACTIVE_ARCH = YES;
				SWIFT_ACTIVE_COMPILATION_CONDITIONS = "DEBUG $(inherited)";
				SWIFT_OPTIMIZATION_LEVEL = "-Onone";
			};
			name = Debug;
		};
		C028F0B92B4EFFFE003093B4 /* Release */ = {
			isa = XCBuildConfiguration;
			buildSettings = {
				ALWAYS_SEARCH_USER_PATHS = NO;
				ASSETCATALOG_COMPILER_GENERATE_SWIFT_ASSET_SYMBOL_EXTENSIONS = YES;
				CLANG_ANALYZER_NONNULL = YES;
				CLANG_ANALYZER_NUMBER_OBJECT_CONVERSION = YES_AGGRESSIVE;
				CLANG_CXX_LANGUAGE_STANDARD = "gnu++20";
				CLANG_ENABLE_MODULES = YES;
				CLANG_ENABLE_OBJC_ARC = YES;
				CLANG_ENABLE_OBJC_WEAK = YES;
				CLANG_WARN_BLOCK_CAPTURE_AUTORELEASING = YES;
				CLANG_WARN_BOOL_CONVERSION = YES;
				CLANG_WARN_COMMA = YES;
				CLANG_WARN_CONSTANT_CONVERSION = YES;
				CLANG_WARN_DEPRECATED_OBJC_IMPLEMENTATIONS = YES;
				CLANG_WARN_DIRECT_OBJC_ISA_USAGE = YES_ERROR;
				CLANG_WARN_DOCUMENTATION_COMMENTS = YES;
				CLANG_WARN_EMPTY_BODY = YES;
				CLANG_WARN_ENUM_CONVERSION = YES;
				CLANG_WARN_INFINITE_RECURSION = YES;
				CLANG_WARN_INT_CONVERSION = YES;
				CLANG_WARN_NON_LITERAL_NULL_CONVERSION = YES;
				CLANG_WARN_OBJC_IMPLICIT_RETAIN_SELF = YES;
				CLANG_WARN_OBJC_LITERAL_CONVERSION = YES;
				CLANG_WARN_OBJC_ROOT_CLASS = YES_ERROR;
				CLANG_WARN_QUOTED_INCLUDE_IN_FRAMEWORK_HEADER = YES;
				CLANG_WARN_RANGE_LOOP_ANALYSIS = YES;
				CLANG_WARN_STRICT_PROTOTYPES = YES;
				CLANG_WARN_SUSPICIOUS_MOVE = YES;
				CLANG_WARN_UNGUARDED_AVAILABILITY = YES_AGGRESSIVE;
				CLANG_WARN_UNREACHABLE_CODE = YES;
				CLANG_WARN__DUPLICATE_METHOD_MATCH = YES;
				COPY_PHASE_STRIP = NO;
				DEBUG_INFORMATION_FORMAT = "dwarf-with-dsym";
				ENABLE_NS_ASSERTIONS = NO;
				ENABLE_STRICT_OBJC_MSGSEND = YES;
				ENABLE_USER_SCRIPT_SANDBOXING = YES;
				GCC_C_LANGUAGE_STANDARD = gnu17;
				GCC_NO_COMMON_BLOCKS = YES;
				GCC_WARN_64_TO_32_BIT_CONVERSION = YES;
				GCC_WARN_ABOUT_RETURN_TYPE = YES_ERROR;
				GCC_WARN_UNDECLARED_SELECTOR = YES;
				GCC_WARN_UNINITIALIZED_AUTOS = YES_AGGRESSIVE;
				GCC_WARN_UNUSED_FUNCTION = YES;
				GCC_WARN_UNUSED_VARIABLE = YES;
				LOCALIZATION_PREFERS_STRING_CATALOGS = YES;
				MTL_ENABLE_DEBUG_INFO = NO;
				MTL_FAST_MATH = YES;
				SWIFT_COMPILATION_MODE = wholemodule;
			};
			name = Release;
		};
		C028F0BB2B4EFFFE003093B4 /* Debug */ = {
			isa = XCBuildConfiguration;
			buildSettings = {
				ASSETCATALOG_COMPILER_APPICON_NAME = AppIcon;
				ASSETCATALOG_COMPILER_GLOBAL_ACCENT_COLOR_NAME = AccentColor;
				CODE_SIGN_ENTITLEMENTS = "Apex Legends Stats/Apex_Legends_Stats.entitlements";
				CODE_SIGN_STYLE = Automatic;
				CURRENT_PROJECT_VERSION = 1;
				DEVELOPMENT_ASSET_PATHS = "\"Apex Legends Stats/Preview Content\"";
				DEVELOPMENT_TEAM = 6W4D668732;
				ENABLE_HARDENED_RUNTIME = YES;
				ENABLE_PREVIEWS = YES;
				GENERATE_INFOPLIST_FILE = YES;
				"INFOPLIST_KEY_UIApplicationSceneManifest_Generation[sdk=iphoneos*]" = YES;
				"INFOPLIST_KEY_UIApplicationSceneManifest_Generation[sdk=iphonesimulator*]" = YES;
				"INFOPLIST_KEY_UIApplicationSupportsIndirectInputEvents[sdk=iphoneos*]" = YES;
				"INFOPLIST_KEY_UIApplicationSupportsIndirectInputEvents[sdk=iphonesimulator*]" = YES;
				"INFOPLIST_KEY_UILaunchScreen_Generation[sdk=iphoneos*]" = YES;
				"INFOPLIST_KEY_UILaunchScreen_Generation[sdk=iphonesimulator*]" = YES;
				"INFOPLIST_KEY_UIStatusBarStyle[sdk=iphoneos*]" = UIStatusBarStyleDefault;
				"INFOPLIST_KEY_UIStatusBarStyle[sdk=iphonesimulator*]" = UIStatusBarStyleDefault;
				INFOPLIST_KEY_UISupportedInterfaceOrientations_iPad = "UIInterfaceOrientationPortrait UIInterfaceOrientationPortraitUpsideDown UIInterfaceOrientationLandscapeLeft UIInterfaceOrientationLandscapeRight";
				INFOPLIST_KEY_UISupportedInterfaceOrientations_iPhone = "UIInterfaceOrientationPortrait UIInterfaceOrientationLandscapeLeft UIInterfaceOrientationLandscapeRight";
				IPHONEOS_DEPLOYMENT_TARGET = 17.0;
				LD_RUNPATH_SEARCH_PATHS = "@executable_path/Frameworks";
				"LD_RUNPATH_SEARCH_PATHS[sdk=macosx*]" = "@executable_path/../Frameworks";
				MACOSX_DEPLOYMENT_TARGET = 14.0;
				MARKETING_VERSION = 1.0;
				PRODUCT_BUNDLE_IDENTIFIER = "com.enric.Apex-Legends-Stats";
				PRODUCT_NAME = "$(TARGET_NAME)";
				SDKROOT = auto;
				SUPPORTED_PLATFORMS = "iphoneos iphonesimulator macosx";
				SWIFT_EMIT_LOC_STRINGS = YES;
				SWIFT_VERSION = 5.0;
				TARGETED_DEVICE_FAMILY = "1,2";
			};
			name = Debug;
		};
		C028F0BC2B4EFFFE003093B4 /* Release */ = {
			isa = XCBuildConfiguration;
			buildSettings = {
				ASSETCATALOG_COMPILER_APPICON_NAME = AppIcon;
				ASSETCATALOG_COMPILER_GLOBAL_ACCENT_COLOR_NAME = AccentColor;
				CODE_SIGN_ENTITLEMENTS = "Apex Legends Stats/Apex_Legends_Stats.entitlements";
				CODE_SIGN_STYLE = Automatic;
				CURRENT_PROJECT_VERSION = 1;
				DEVELOPMENT_ASSET_PATHS = "\"Apex Legends Stats/Preview Content\"";
				DEVELOPMENT_TEAM = 6W4D668732;
				ENABLE_HARDENED_RUNTIME = YES;
				ENABLE_PREVIEWS = YES;
				GENERATE_INFOPLIST_FILE = YES;
				"INFOPLIST_KEY_UIApplicationSceneManifest_Generation[sdk=iphoneos*]" = YES;
				"INFOPLIST_KEY_UIApplicationSceneManifest_Generation[sdk=iphonesimulator*]" = YES;
				"INFOPLIST_KEY_UIApplicationSupportsIndirectInputEvents[sdk=iphoneos*]" = YES;
				"INFOPLIST_KEY_UIApplicationSupportsIndirectInputEvents[sdk=iphonesimulator*]" = YES;
				"INFOPLIST_KEY_UILaunchScreen_Generation[sdk=iphoneos*]" = YES;
				"INFOPLIST_KEY_UILaunchScreen_Generation[sdk=iphonesimulator*]" = YES;
				"INFOPLIST_KEY_UIStatusBarStyle[sdk=iphoneos*]" = UIStatusBarStyleDefault;
				"INFOPLIST_KEY_UIStatusBarStyle[sdk=iphonesimulator*]" = UIStatusBarStyleDefault;
				INFOPLIST_KEY_UISupportedInterfaceOrientations_iPad = "UIInterfaceOrientationPortrait UIInterfaceOrientationPortraitUpsideDown UIInterfaceOrientationLandscapeLeft UIInterfaceOrientationLandscapeRight";
				INFOPLIST_KEY_UISupportedInterfaceOrientations_iPhone = "UIInterfaceOrientationPortrait UIInterfaceOrientationLandscapeLeft UIInterfaceOrientationLandscapeRight";
				IPHONEOS_DEPLOYMENT_TARGET = 17.0;
				LD_RUNPATH_SEARCH_PATHS = "@executable_path/Frameworks";
				"LD_RUNPATH_SEARCH_PATHS[sdk=macosx*]" = "@executable_path/../Frameworks";
				MACOSX_DEPLOYMENT_TARGET = 14.0;
				MARKETING_VERSION = 1.0;
				PRODUCT_BUNDLE_IDENTIFIER = "com.enric.Apex-Legends-Stats";
				PRODUCT_NAME = "$(TARGET_NAME)";
				SDKROOT = auto;
				SUPPORTED_PLATFORMS = "iphoneos iphonesimulator macosx";
				SWIFT_EMIT_LOC_STRINGS = YES;
				SWIFT_VERSION = 5.0;
				TARGETED_DEVICE_FAMILY = "1,2";
			};
			name = Release;
		};
		C028F0BE2B4EFFFE003093B4 /* Debug */ = {
			isa = XCBuildConfiguration;
			buildSettings = {
				ALWAYS_EMBED_SWIFT_STANDARD_LIBRARIES = YES;
				BUNDLE_LOADER = "$(TEST_HOST)";
				CODE_SIGN_STYLE = Automatic;
				CURRENT_PROJECT_VERSION = 1;
				DEVELOPMENT_TEAM = 6W4D668732;
				GENERATE_INFOPLIST_FILE = YES;
				IPHONEOS_DEPLOYMENT_TARGET = 17.0;
				MACOSX_DEPLOYMENT_TARGET = 14.0;
				MARKETING_VERSION = 1.0;
				PRODUCT_BUNDLE_IDENTIFIER = "com.enric.Apex-Legends-StatsTests";
				PRODUCT_NAME = "$(TARGET_NAME)";
				SDKROOT = auto;
				SUPPORTED_PLATFORMS = "iphoneos iphonesimulator macosx";
				SWIFT_EMIT_LOC_STRINGS = NO;
				SWIFT_VERSION = 5.0;
				TARGETED_DEVICE_FAMILY = "1,2";
				TEST_HOST = "$(BUILT_PRODUCTS_DIR)/Apex Legends Stats.app/$(BUNDLE_EXECUTABLE_FOLDER_PATH)/Apex Legends Stats";
			};
			name = Debug;
		};
		C028F0BF2B4EFFFE003093B4 /* Release */ = {
			isa = XCBuildConfiguration;
			buildSettings = {
				ALWAYS_EMBED_SWIFT_STANDARD_LIBRARIES = YES;
				BUNDLE_LOADER = "$(TEST_HOST)";
				CODE_SIGN_STYLE = Automatic;
				CURRENT_PROJECT_VERSION = 1;
				DEVELOPMENT_TEAM = 6W4D668732;
				GENERATE_INFOPLIST_FILE = YES;
				IPHONEOS_DEPLOYMENT_TARGET = 17.0;
				MACOSX_DEPLOYMENT_TARGET = 14.0;
				MARKETING_VERSION = 1.0;
				PRODUCT_BUNDLE_IDENTIFIER = "com.enric.Apex-Legends-StatsTests";
				PRODUCT_NAME = "$(TARGET_NAME)";
				SDKROOT = auto;
				SUPPORTED_PLATFORMS = "iphoneos iphonesimulator macosx";
				SWIFT_EMIT_LOC_STRINGS = NO;
				SWIFT_VERSION = 5.0;
				TARGETED_DEVICE_FAMILY = "1,2";
				TEST_HOST = "$(BUILT_PRODUCTS_DIR)/Apex Legends Stats.app/$(BUNDLE_EXECUTABLE_FOLDER_PATH)/Apex Legends Stats";
			};
			name = Release;
		};
		C028F0C12B4EFFFE003093B4 /* Debug */ = {
			isa = XCBuildConfiguration;
			buildSettings = {
				ALWAYS_EMBED_SWIFT_STANDARD_LIBRARIES = YES;
				CODE_SIGN_STYLE = Automatic;
				CURRENT_PROJECT_VERSION = 1;
				DEVELOPMENT_TEAM = 6W4D668732;
				GENERATE_INFOPLIST_FILE = YES;
				IPHONEOS_DEPLOYMENT_TARGET = 17.0;
				MACOSX_DEPLOYMENT_TARGET = 14.0;
				MARKETING_VERSION = 1.0;
				PRODUCT_BUNDLE_IDENTIFIER = "com.enric.Apex-Legends-StatsUITests";
				PRODUCT_NAME = "$(TARGET_NAME)";
				SDKROOT = auto;
				SUPPORTED_PLATFORMS = "iphoneos iphonesimulator macosx";
				SWIFT_EMIT_LOC_STRINGS = NO;
				SWIFT_VERSION = 5.0;
				TARGETED_DEVICE_FAMILY = "1,2";
				TEST_TARGET_NAME = "Apex Legends Stats";
			};
			name = Debug;
		};
		C028F0C22B4EFFFE003093B4 /* Release */ = {
			isa = XCBuildConfiguration;
			buildSettings = {
				ALWAYS_EMBED_SWIFT_STANDARD_LIBRARIES = YES;
				CODE_SIGN_STYLE = Automatic;
				CURRENT_PROJECT_VERSION = 1;
				DEVELOPMENT_TEAM = 6W4D668732;
				GENERATE_INFOPLIST_FILE = YES;
				IPHONEOS_DEPLOYMENT_TARGET = 17.0;
				MACOSX_DEPLOYMENT_TARGET = 14.0;
				MARKETING_VERSION = 1.0;
				PRODUCT_BUNDLE_IDENTIFIER = "com.enric.Apex-Legends-StatsUITests";
				PRODUCT_NAME = "$(TARGET_NAME)";
				SDKROOT = auto;
				SUPPORTED_PLATFORMS = "iphoneos iphonesimulator macosx";
				SWIFT_EMIT_LOC_STRINGS = NO;
				SWIFT_VERSION = 5.0;
				TARGETED_DEVICE_FAMILY = "1,2";
				TEST_TARGET_NAME = "Apex Legends Stats";
			};
			name = Release;
		};
/* End XCBuildConfiguration section */

/* Begin XCConfigurationList section */
		C028F0902B4EFFFE003093B4 /* Build configuration list for PBXProject "Apex Legends Stats" */ = {
			isa = XCConfigurationList;
			buildConfigurations = (
				C028F0B82B4EFFFE003093B4 /* Debug */,
				C028F0B92B4EFFFE003093B4 /* Release */,
			);
			defaultConfigurationIsVisible = 0;
			defaultConfigurationName = Release;
		};
		C028F0BA2B4EFFFE003093B4 /* Build configuration list for PBXNativeTarget "Apex Legends Stats" */ = {
			isa = XCConfigurationList;
			buildConfigurations = (
				C028F0BB2B4EFFFE003093B4 /* Debug */,
				C028F0BC2B4EFFFE003093B4 /* Release */,
			);
			defaultConfigurationIsVisible = 0;
			defaultConfigurationName = Release;
		};
		C028F0BD2B4EFFFE003093B4 /* Build configuration list for PBXNativeTarget "Apex Legends StatsTests" */ = {
			isa = XCConfigurationList;
			buildConfigurations = (
				C028F0BE2B4EFFFE003093B4 /* Debug */,
				C028F0BF2B4EFFFE003093B4 /* Release */,
			);
			defaultConfigurationIsVisible = 0;
			defaultConfigurationName = Release;
		};
		C028F0C02B4EFFFE003093B4 /* Build configuration list for PBXNativeTarget "Apex Legends StatsUITests" */ = {
			isa = XCConfigurationList;
			buildConfigurations = (
				C028F0C12B4EFFFE003093B4 /* Debug */,
				C028F0C22B4EFFFE003093B4 /* Release */,
			);
			defaultConfigurationIsVisible = 0;
			defaultConfigurationName = Release;
		};
/* End XCConfigurationList section */
	};
	rootObject = C028F08D2B4EFFFE003093B4 /* Project object */;
}
